
Microsoft Visual Studio Solution File, Format Version 12.00
# Visual Studio Version 17
VisualStudioVersion = 17.5.33516.290
MinimumVisualStudioVersion = 10.0.40219.1
Project("{2150E333-8FDC-42A3-9474-1A3956D46DE8}") = "src", "src", "{2D517C9E-EECB-4A1F-80F8-180CF2867D42}"
EndProject
Project("{2150E333-8FDC-42A3-9474-1A3956D46DE8}") = "tests", "tests", "{C89D19CA-D005-4DAB-B37C-983B11207CAC}"
EndProject
Project("{2150E333-8FDC-42A3-9474-1A3956D46DE8}") = "docs", "docs", "{41F5173F-FA30-4C2B-A9C8-FEC0D306CCF5}"
EndProject
Project("{2150E333-8FDC-42A3-9474-1A3956D46DE8}") = "API", "API", "{5A99A7B5-3C32-4BE1-B3BB-B87E574679E1}"
EndProject
Project("{2150E333-8FDC-42A3-9474-1A3956D46DE8}") = "Core", "Core", "{C07325CA-56BC-4505-8365-79090F27DD29}"
EndProject
Project("{2150E333-8FDC-42A3-9474-1A3956D46DE8}") = "Infrastructure", "Infrastructure", "{F6A8151B-790C-4F65-A831-3585FEBE1537}"
EndProject
Project("{FAE04EC0-301F-11D3-BF4B-00C04F79EFBC}") = "Homework.Enigmatry.Shop.API", "Homework.Enigmatry.Shop.API\Homework.Enigmatry.Shop.API.csproj", "{A6647908-2752-4233-AB9E-8B290558F75E}"
EndProject
Project("{FAE04EC0-301F-11D3-BF4B-00C04F79EFBC}") = "Homework.Enigmatry.Shop.VendorAPI", "Homework.Enigmatry.Shop.VendorAPI\Homework.Enigmatry.Shop.VendorAPI.csproj", "{8DC6C567-987C-4E36-900F-7AC854F94689}"
EndProject
Project("{FAE04EC0-301F-11D3-BF4B-00C04F79EFBC}") = "Homework.Enigmatry.Shop.VendorGrpcAPI", "Homework.Enigmatry.Shop.VendorGrpcAPI\Homework.Enigmatry.Shop.VendorGrpcAPI.csproj", "{EE983B4D-4309-4B9C-A3A9-D8126186EA14}"
EndProject
Project("{FAE04EC0-301F-11D3-BF4B-00C04F79EFBC}") = "Homework.Enigmatry.Shop.Domain", "Homework.Enigmatry.Shop.Domain\Homework.Enigmatry.Shop.Domain.csproj", "{EACDDF51-B023-4BD3-BF85-8F5F56959E28}"
EndProject
Project("{FAE04EC0-301F-11D3-BF4B-00C04F79EFBC}") = "Homework.Enigmatry.Shop.Application", "Homework.Enigmatry.Shop.Application\Homework.Enigmatry.Shop.Application.csproj", "{8579A079-7309-43BB-91AF-F84C789BE8D1}"
EndProject
Project("{FAE04EC0-301F-11D3-BF4B-00C04F79EFBC}") = "Homework.Enigmatry.Shop.Infrastructure", "Homework.Enigmatry.Shop.Infrastructure\Homework.Enigmatry.Shop.Infrastructure.csproj", "{2DFD62F3-F79E-44B3-8798-C2632E8361B2}"
EndProject
Project("{FAE04EC0-301F-11D3-BF4B-00C04F79EFBC}") = "Homework.Enigmatry.Shop.Persistence", "Homework.Enigmatry.Shop.Persistence\Homework.Enigmatry.Shop.Persistence.csproj", "{38FBEC7E-FFA5-44E7-83E6-B7CE35658714}"
EndProject
Project("{FAE04EC0-301F-11D3-BF4B-00C04F79EFBC}") = "Homework.Enigmatry.Shop.Application.UnitTests", "Homework.Enigmatry.Shop.Application.UnitTests\Homework.Enigmatry.Shop.Application.UnitTests.csproj", "{1616AEC2-1622-4F2D-BA82-495DF64883C8}"
EndProject
Global
	GlobalSection(SolutionConfigurationPlatforms) = preSolution
		Debug|Any CPU = Debug|Any CPU
		Release|Any CPU = Release|Any CPU
	EndGlobalSection
	GlobalSection(ProjectConfigurationPlatforms) = postSolution
		{A6647908-2752-4233-AB9E-8B290558F75E}.Debug|Any CPU.ActiveCfg = Debug|Any CPU
		{A6647908-2752-4233-AB9E-8B290558F75E}.Debug|Any CPU.Build.0 = Debug|Any CPU
		{A6647908-2752-4233-AB9E-8B290558F75E}.Release|Any CPU.ActiveCfg = Release|Any CPU
		{A6647908-2752-4233-AB9E-8B290558F75E}.Release|Any CPU.Build.0 = Release|Any CPU
		{8DC6C567-987C-4E36-900F-7AC854F94689}.Debug|Any CPU.ActiveCfg = Debug|Any CPU
		{8DC6C567-987C-4E36-900F-7AC854F94689}.Debug|Any CPU.Build.0 = Debug|Any CPU
		{8DC6C567-987C-4E36-900F-7AC854F94689}.Release|Any CPU.ActiveCfg = Release|Any CPU
		{8DC6C567-987C-4E36-900F-7AC854F94689}.Release|Any CPU.Build.0 = Release|Any CPU
		{EE983B4D-4309-4B9C-A3A9-D8126186EA14}.Debug|Any CPU.ActiveCfg = Debug|Any CPU
		{EE983B4D-4309-4B9C-A3A9-D8126186EA14}.Debug|Any CPU.Build.0 = Debug|Any CPU
		{EE983B4D-4309-4B9C-A3A9-D8126186EA14}.Release|Any CPU.ActiveCfg = Release|Any CPU
		{EE983B4D-4309-4B9C-A3A9-D8126186EA14}.Release|Any CPU.Build.0 = Release|Any CPU
		{EACDDF51-B023-4BD3-BF85-8F5F56959E28}.Debug|Any CPU.ActiveCfg = Debug|Any CPU
		{EACDDF51-B023-4BD3-BF85-8F5F56959E28}.Debug|Any CPU.Build.0 = Debug|Any CPU
		{EACDDF51-B023-4BD3-BF85-8F5F56959E28}.Release|Any CPU.ActiveCfg = Release|Any CPU
		{EACDDF51-B023-4BD3-BF85-8F5F56959E28}.Release|Any CPU.Build.0 = Release|Any CPU
		{8579A079-7309-43BB-91AF-F84C789BE8D1}.Debug|Any CPU.ActiveCfg = Debug|Any CPU
		{8579A079-7309-43BB-91AF-F84C789BE8D1}.Debug|Any CPU.Build.0 = Debug|Any CPU
		{8579A079-7309-43BB-91AF-F84C789BE8D1}.Release|Any CPU.ActiveCfg = Release|Any CPU
		{8579A079-7309-43BB-91AF-F84C789BE8D1}.Release|Any CPU.Build.0 = Release|Any CPU
		{2DFD62F3-F79E-44B3-8798-C2632E8361B2}.Debug|Any CPU.ActiveCfg = Debug|Any CPU
		{2DFD62F3-F79E-44B3-8798-C2632E8361B2}.Debug|Any CPU.Build.0 = Debug|Any CPU
		{2DFD62F3-F79E-44B3-8798-C2632E8361B2}.Release|Any CPU.ActiveCfg = Release|Any CPU
		{2DFD62F3-F79E-44B3-8798-C2632E8361B2}.Release|Any CPU.Build.0 = Release|Any CPU
		{38FBEC7E-FFA5-44E7-83E6-B7CE35658714}.Debug|Any CPU.ActiveCfg = Debug|Any CPU
		{38FBEC7E-FFA5-44E7-83E6-B7CE35658714}.Debug|Any CPU.Build.0 = Debug|Any CPU
		{38FBEC7E-FFA5-44E7-83E6-B7CE35658714}.Release|Any CPU.ActiveCfg = Release|Any CPU
		{38FBEC7E-FFA5-44E7-83E6-B7CE35658714}.Release|Any CPU.Build.0 = Release|Any CPU
		{1616AEC2-1622-4F2D-BA82-495DF64883C8}.Debug|Any CPU.ActiveCfg = Debug|Any CPU
		{1616AEC2-1622-4F2D-BA82-495DF64883C8}.Debug|Any CPU.Build.0 = Debug|Any CPU
		{1616AEC2-1622-4F2D-BA82-495DF64883C8}.Release|Any CPU.ActiveCfg = Release|Any CPU
		{1616AEC2-1622-4F2D-BA82-495DF64883C8}.Release|Any CPU.Build.0 = Release|Any CPU
	EndGlobalSection
	GlobalSection(SolutionProperties) = preSolution
		HideSolutionNode = FALSE
	EndGlobalSection
	GlobalSection(NestedProjects) = preSolution
		{5A99A7B5-3C32-4BE1-B3BB-B87E574679E1} = {2D517C9E-EECB-4A1F-80F8-180CF2867D42}
		{C07325CA-56BC-4505-8365-79090F27DD29} = {2D517C9E-EECB-4A1F-80F8-180CF2867D42}
		{F6A8151B-790C-4F65-A831-3585FEBE1537} = {2D517C9E-EECB-4A1F-80F8-180CF2867D42}
		{A6647908-2752-4233-AB9E-8B290558F75E} = {5A99A7B5-3C32-4BE1-B3BB-B87E574679E1}
		{8DC6C567-987C-4E36-900F-7AC854F94689} = {5A99A7B5-3C32-4BE1-B3BB-B87E574679E1}
		{EE983B4D-4309-4B9C-A3A9-D8126186EA14} = {5A99A7B5-3C32-4BE1-B3BB-B87E574679E1}
		{EACDDF51-B023-4BD3-BF85-8F5F56959E28} = {C07325CA-56BC-4505-8365-79090F27DD29}
		{8579A079-7309-43BB-91AF-F84C789BE8D1} = {C07325CA-56BC-4505-8365-79090F27DD29}
		{2DFD62F3-F79E-44B3-8798-C2632E8361B2} = {F6A8151B-790C-4F65-A831-3585FEBE1537}
		{38FBEC7E-FFA5-44E7-83E6-B7CE35658714} = {F6A8151B-790C-4F65-A831-3585FEBE1537}
		{1616AEC2-1622-4F2D-BA82-495DF64883C8} = {C89D19CA-D005-4DAB-B37C-983B11207CAC}
	EndGlobalSection
	GlobalSection(ExtensibilityGlobals) = postSolution
		SolutionGuid = {401ECF21-7003-434E-9D9A-A8C1BFFD16F5}
	EndGlobalSection
EndGlobal
